
Microsoft Visual Studio Solution File, Format Version 12.00
# Visual Studio Version 17
VisualStudioVersion = 17.0.31903.59
MinimumVisualStudioVersion = 10.0.40219.1
Project("{2150E333-8FDC-42A3-9474-1A3956D46DE8}") = "src", "src", "{67BADDC0-4085-4413-ADCA-0713DAE992AC}"
EndProject
Project("{2150E333-8FDC-42A3-9474-1A3956D46DE8}") = "BuildingBlocks", "BuildingBlocks", "{EB07ACAB-2C48-456F-9699-E387C53C978C}"
EndProject
Project("{FAE04EC0-301F-11D3-BF4B-00C04F79EFBC}") = "Contracts", "src\BuildingBlocks\Contracts\Contracts.csproj", "{11273897-177A-4A6F-886D-C28986BFAB25}"
EndProject
Project("{2150E333-8FDC-42A3-9474-1A3956D46DE8}") = "ContactsConsumer", "ContactsConsumer", "{1FA014FE-DBBD-4C01-AD1D-FE720486EAB8}"
EndProject
Project("{FAE04EC0-301F-11D3-BF4B-00C04F79EFBC}") = "Work", "src\ContactsConsumer\Work\Work.csproj", "{73724E6F-EC30-497C-82ED-F8F0F1285170}"
EndProject
Project("{2150E333-8FDC-42A3-9474-1A3956D46DE8}") = "Contacts", "Contacts", "{483D0DF7-F5CC-4D82-81E9-74CDC291A23E}"
EndProject
Project("{FAE04EC0-301F-11D3-BF4B-00C04F79EFBC}") = "API", "src\Contacts\API\API.csproj", "{7D4C62A6-FAA4-4190-B31C-7D28E2F62C1E}"
EndProject
Project("{FAE04EC0-301F-11D3-BF4B-00C04F79EFBC}") = "Tests", "src\Contacts\Tests\Tests.csproj", "{0B87D406-E50A-4145-AAEA-95C5A75C4AD7}"
EndProject
Project("{FAE04EC0-301F-11D3-BF4B-00C04F79EFBC}") = "Application", "src\ContactsConsumer\Application\Application.csproj", "{205E547D-DA6C-4FDE-86D3-6894CA2E5A0B}"
EndProject
Project("{FAE04EC0-301F-11D3-BF4B-00C04F79EFBC}") = "Domain", "src\ContactsConsumer\Domain\Domain.csproj", "{849A5C17-0B46-4A80-ACE4-6A9036B9CC10}"
EndProject
Project("{FAE04EC0-301F-11D3-BF4B-00C04F79EFBC}") = "Infra", "src\ContactsConsumer\Infra\Infra.csproj", "{DF855941-6340-4A02-B1C8-1BBBD69339C6}"
EndProject
Project("{FAE04EC0-301F-11D3-BF4B-00C04F79EFBC}") = "TechChallenge.Tests", "src\ContactsConsumer\TechChallenge.Tests\TechChallenge.Tests.csproj", "{B809F125-BC3F-49CC-A936-90B9BE15ADAE}"
EndProject
Global
	GlobalSection(SolutionConfigurationPlatforms) = preSolution
		Debug|Any CPU = Debug|Any CPU
		Release|Any CPU = Release|Any CPU
	EndGlobalSection
	GlobalSection(SolutionProperties) = preSolution
		HideSolutionNode = FALSE
	EndGlobalSection
	GlobalSection(ProjectConfigurationPlatforms) = postSolution
		{11273897-177A-4A6F-886D-C28986BFAB25}.Debug|Any CPU.ActiveCfg = Debug|Any CPU
		{11273897-177A-4A6F-886D-C28986BFAB25}.Debug|Any CPU.Build.0 = Debug|Any CPU
		{11273897-177A-4A6F-886D-C28986BFAB25}.Release|Any CPU.ActiveCfg = Release|Any CPU
		{11273897-177A-4A6F-886D-C28986BFAB25}.Release|Any CPU.Build.0 = Release|Any CPU
		{73724E6F-EC30-497C-82ED-F8F0F1285170}.Debug|Any CPU.ActiveCfg = Debug|Any CPU
		{73724E6F-EC30-497C-82ED-F8F0F1285170}.Debug|Any CPU.Build.0 = Debug|Any CPU
		{73724E6F-EC30-497C-82ED-F8F0F1285170}.Release|Any CPU.ActiveCfg = Release|Any CPU
		{73724E6F-EC30-497C-82ED-F8F0F1285170}.Release|Any CPU.Build.0 = Release|Any CPU
		{7D4C62A6-FAA4-4190-B31C-7D28E2F62C1E}.Debug|Any CPU.ActiveCfg = Debug|Any CPU
		{7D4C62A6-FAA4-4190-B31C-7D28E2F62C1E}.Debug|Any CPU.Build.0 = Debug|Any CPU
		{7D4C62A6-FAA4-4190-B31C-7D28E2F62C1E}.Release|Any CPU.ActiveCfg = Release|Any CPU
		{7D4C62A6-FAA4-4190-B31C-7D28E2F62C1E}.Release|Any CPU.Build.0 = Release|Any CPU
		{0B87D406-E50A-4145-AAEA-95C5A75C4AD7}.Debug|Any CPU.ActiveCfg = Debug|Any CPU
		{0B87D406-E50A-4145-AAEA-95C5A75C4AD7}.Debug|Any CPU.Build.0 = Debug|Any CPU
		{0B87D406-E50A-4145-AAEA-95C5A75C4AD7}.Release|Any CPU.ActiveCfg = Release|Any CPU
		{0B87D406-E50A-4145-AAEA-95C5A75C4AD7}.Release|Any CPU.Build.0 = Release|Any CPU
		{205E547D-DA6C-4FDE-86D3-6894CA2E5A0B}.Debug|Any CPU.ActiveCfg = Debug|Any CPU
		{205E547D-DA6C-4FDE-86D3-6894CA2E5A0B}.Debug|Any CPU.Build.0 = Debug|Any CPU
		{205E547D-DA6C-4FDE-86D3-6894CA2E5A0B}.Release|Any CPU.ActiveCfg = Release|Any CPU
		{205E547D-DA6C-4FDE-86D3-6894CA2E5A0B}.Release|Any CPU.Build.0 = Release|Any CPU
		{849A5C17-0B46-4A80-ACE4-6A9036B9CC10}.Debug|Any CPU.ActiveCfg = Debug|Any CPU
		{849A5C17-0B46-4A80-ACE4-6A9036B9CC10}.Debug|Any CPU.Build.0 = Debug|Any CPU
		{849A5C17-0B46-4A80-ACE4-6A9036B9CC10}.Release|Any CPU.ActiveCfg = Release|Any CPU
		{849A5C17-0B46-4A80-ACE4-6A9036B9CC10}.Release|Any CPU.Build.0 = Release|Any CPU
		{DF855941-6340-4A02-B1C8-1BBBD69339C6}.Debug|Any CPU.ActiveCfg = Debug|Any CPU
		{DF855941-6340-4A02-B1C8-1BBBD69339C6}.Debug|Any CPU.Build.0 = Debug|Any CPU
		{DF855941-6340-4A02-B1C8-1BBBD69339C6}.Release|Any CPU.ActiveCfg = Release|Any CPU
		{DF855941-6340-4A02-B1C8-1BBBD69339C6}.Release|Any CPU.Build.0 = Release|Any CPU
		{B809F125-BC3F-49CC-A936-90B9BE15ADAE}.Debug|Any CPU.ActiveCfg = Debug|Any CPU
		{B809F125-BC3F-49CC-A936-90B9BE15ADAE}.Debug|Any CPU.Build.0 = Debug|Any CPU
		{B809F125-BC3F-49CC-A936-90B9BE15ADAE}.Release|Any CPU.ActiveCfg = Release|Any CPU
		{B809F125-BC3F-49CC-A936-90B9BE15ADAE}.Release|Any CPU.Build.0 = Release|Any CPU
	EndGlobalSection
	GlobalSection(NestedProjects) = preSolution
		{EB07ACAB-2C48-456F-9699-E387C53C978C} = {67BADDC0-4085-4413-ADCA-0713DAE992AC}
		{11273897-177A-4A6F-886D-C28986BFAB25} = {EB07ACAB-2C48-456F-9699-E387C53C978C}
		{1FA014FE-DBBD-4C01-AD1D-FE720486EAB8} = {67BADDC0-4085-4413-ADCA-0713DAE992AC}
		{73724E6F-EC30-497C-82ED-F8F0F1285170} = {1FA014FE-DBBD-4C01-AD1D-FE720486EAB8}
		{483D0DF7-F5CC-4D82-81E9-74CDC291A23E} = {67BADDC0-4085-4413-ADCA-0713DAE992AC}
		{7D4C62A6-FAA4-4190-B31C-7D28E2F62C1E} = {483D0DF7-F5CC-4D82-81E9-74CDC291A23E}
		{0B87D406-E50A-4145-AAEA-95C5A75C4AD7} = {483D0DF7-F5CC-4D82-81E9-74CDC291A23E}
		{205E547D-DA6C-4FDE-86D3-6894CA2E5A0B} = {1FA014FE-DBBD-4C01-AD1D-FE720486EAB8}
		{849A5C17-0B46-4A80-ACE4-6A9036B9CC10} = {1FA014FE-DBBD-4C01-AD1D-FE720486EAB8}
		{DF855941-6340-4A02-B1C8-1BBBD69339C6} = {1FA014FE-DBBD-4C01-AD1D-FE720486EAB8}
		{B809F125-BC3F-49CC-A936-90B9BE15ADAE} = {1FA014FE-DBBD-4C01-AD1D-FE720486EAB8}
	EndGlobalSection
EndGlobal
